// !$*UTF8*$!
{
	archiveVersion = 1;
	classes = {
	};
	objectVersion = 46;
	objects = {

/* Begin PBXBuildFile section */
		3209C6D31B3043ED000E8218 /* MapViewController.swift in Sources */ = {isa = PBXBuildFile; fileRef = 3209C6D21B3043ED000E8218 /* MapViewController.swift */; };
		3209C6D51B30446D000E8218 /* LocationTableViewController.swift in Sources */ = {isa = PBXBuildFile; fileRef = 3209C6D41B30446D000E8218 /* LocationTableViewController.swift */; };
		3209C6D71B3104DD000E8218 /* StudentLocationsGetSession.swift in Sources */ = {isa = PBXBuildFile; fileRef = 3209C6D61B3104DD000E8218 /* StudentLocationsGetSession.swift */; };
		3209C6D91B31060A000E8218 /* StudentLocation.swift in Sources */ = {isa = PBXBuildFile; fileRef = 3209C6D81B31060A000E8218 /* StudentLocation.swift */; };
		324FD41A1B343692002BCF75 /* OnTheMapLocations.swift in Sources */ = {isa = PBXBuildFile; fileRef = 324FD4191B343692002BCF75 /* OnTheMapLocations.swift */; };
		32A52BAB1B325AB900E4A1E3 /* OnTheMapConstants.swift in Sources */ = {isa = PBXBuildFile; fileRef = 32A52BAA1B325AB900E4A1E3 /* OnTheMapConstants.swift */; };
		32B3421A1B34F971002C00EA /* PostInformationViewController.swift in Sources */ = {isa = PBXBuildFile; fileRef = 32B342191B34F971002C00EA /* PostInformationViewController.swift */; };
		32B3421C1B3A2FF8002C00EA /* StudentLocationPostSession.swift in Sources */ = {isa = PBXBuildFile; fileRef = 32B3421B1B3A2FF8002C00EA /* StudentLocationPostSession.swift */; };
		32C364D21B2A6701001EBDBF /* AppDelegate.swift in Sources */ = {isa = PBXBuildFile; fileRef = 32C364D11B2A6701001EBDBF /* AppDelegate.swift */; };
		32C364D71B2A6701001EBDBF /* Main.storyboard in Resources */ = {isa = PBXBuildFile; fileRef = 32C364D51B2A6701001EBDBF /* Main.storyboard */; };
		32C364D91B2A6701001EBDBF /* Images.xcassets in Resources */ = {isa = PBXBuildFile; fileRef = 32C364D81B2A6701001EBDBF /* Images.xcassets */; };
		32C364DC1B2A6701001EBDBF /* LaunchScreen.xib in Resources */ = {isa = PBXBuildFile; fileRef = 32C364DA1B2A6701001EBDBF /* LaunchScreen.xib */; };
		32C364E81B2A6701001EBDBF /* OnTheMapTests.swift in Sources */ = {isa = PBXBuildFile; fileRef = 32C364E71B2A6701001EBDBF /* OnTheMapTests.swift */; };
		32C364F21B2A7266001EBDBF /* LoginViewController.swift in Sources */ = {isa = PBXBuildFile; fileRef = 32C364F11B2A7266001EBDBF /* LoginViewController.swift */; };
		32EE53771B2C4BFC0077286B /* UdacityUser.swift in Sources */ = {isa = PBXBuildFile; fileRef = 32EE53761B2C4BFC0077286B /* UdacityUser.swift */; };
		32EE53791B2C590B0077286B /* UdacityLoginSession.swift in Sources */ = {isa = PBXBuildFile; fileRef = 32EE53781B2C590B0077286B /* UdacityLoginSession.swift */; };
/* End PBXBuildFile section */

/* Begin PBXContainerItemProxy section */
		32C364E21B2A6701001EBDBF /* PBXContainerItemProxy */ = {
			isa = PBXContainerItemProxy;
			containerPortal = 32C364C41B2A6701001EBDBF /* Project object */;
			proxyType = 1;
			remoteGlobalIDString = 32C364CB1B2A6701001EBDBF;
			remoteInfo = OnTheMap;
		};
/* End PBXContainerItemProxy section */

/* Begin PBXFileReference section */
		3209C6D21B3043ED000E8218 /* MapViewController.swift */ = {isa = PBXFileReference; fileEncoding = 4; lastKnownFileType = sourcecode.swift; path = MapViewController.swift; sourceTree = "<group>"; };
		3209C6D41B30446D000E8218 /* LocationTableViewController.swift */ = {isa = PBXFileReference; fileEncoding = 4; lastKnownFileType = sourcecode.swift; path = LocationTableViewController.swift; sourceTree = "<group>"; };
		3209C6D61B3104DD000E8218 /* StudentLocationsGetSession.swift */ = {isa = PBXFileReference; fileEncoding = 4; lastKnownFileType = sourcecode.swift; path = StudentLocationsGetSession.swift; sourceTree = "<group>"; };
		3209C6D81B31060A000E8218 /* StudentLocation.swift */ = {isa = PBXFileReference; fileEncoding = 4; lastKnownFileType = sourcecode.swift; path = StudentLocation.swift; sourceTree = "<group>"; };
		324FD4191B343692002BCF75 /* OnTheMapLocations.swift */ = {isa = PBXFileReference; fileEncoding = 4; lastKnownFileType = sourcecode.swift; path = OnTheMapLocations.swift; sourceTree = "<group>"; };
		32A52BAA1B325AB900E4A1E3 /* OnTheMapConstants.swift */ = {isa = PBXFileReference; fileEncoding = 4; lastKnownFileType = sourcecode.swift; path = OnTheMapConstants.swift; sourceTree = "<group>"; };
		32B342191B34F971002C00EA /* PostInformationViewController.swift */ = {isa = PBXFileReference; fileEncoding = 4; lastKnownFileType = sourcecode.swift; path = PostInformationViewController.swift; sourceTree = "<group>"; };
		32B3421B1B3A2FF8002C00EA /* StudentLocationPostSession.swift */ = {isa = PBXFileReference; fileEncoding = 4; lastKnownFileType = sourcecode.swift; path = StudentLocationPostSession.swift; sourceTree = "<group>"; };
		32C364CC1B2A6701001EBDBF /* OnTheMap.app */ = {isa = PBXFileReference; explicitFileType = wrapper.application; includeInIndex = 0; path = OnTheMap.app; sourceTree = BUILT_PRODUCTS_DIR; };
		32C364D01B2A6701001EBDBF /* Info.plist */ = {isa = PBXFileReference; lastKnownFileType = text.plist.xml; path = Info.plist; sourceTree = "<group>"; };
		32C364D11B2A6701001EBDBF /* AppDelegate.swift */ = {isa = PBXFileReference; lastKnownFileType = sourcecode.swift; path = AppDelegate.swift; sourceTree = "<group>"; };
		32C364D61B2A6701001EBDBF /* Base */ = {isa = PBXFileReference; lastKnownFileType = file.storyboard; name = Base; path = Base.lproj/Main.storyboard; sourceTree = "<group>"; };
		32C364D81B2A6701001EBDBF /* Images.xcassets */ = {isa = PBXFileReference; lastKnownFileType = folder.assetcatalog; path = Images.xcassets; sourceTree = "<group>"; };
		32C364DB1B2A6701001EBDBF /* Base */ = {isa = PBXFileReference; lastKnownFileType = file.xib; name = Base; path = Base.lproj/LaunchScreen.xib; sourceTree = "<group>"; };
		32C364E11B2A6701001EBDBF /* OnTheMapTests.xctest */ = {isa = PBXFileReference; explicitFileType = wrapper.cfbundle; includeInIndex = 0; path = OnTheMapTests.xctest; sourceTree = BUILT_PRODUCTS_DIR; };
		32C364E61B2A6701001EBDBF /* Info.plist */ = {isa = PBXFileReference; lastKnownFileType = text.plist.xml; path = Info.plist; sourceTree = "<group>"; };
		32C364E71B2A6701001EBDBF /* OnTheMapTests.swift */ = {isa = PBXFileReference; lastKnownFileType = sourcecode.swift; path = OnTheMapTests.swift; sourceTree = "<group>"; };
		32C364F11B2A7266001EBDBF /* LoginViewController.swift */ = {isa = PBXFileReference; fileEncoding = 4; lastKnownFileType = sourcecode.swift; path = LoginViewController.swift; sourceTree = "<group>"; };
		32EE53761B2C4BFC0077286B /* UdacityUser.swift */ = {isa = PBXFileReference; fileEncoding = 4; lastKnownFileType = sourcecode.swift; path = UdacityUser.swift; sourceTree = "<group>"; };
		32EE53781B2C590B0077286B /* UdacityLoginSession.swift */ = {isa = PBXFileReference; fileEncoding = 4; lastKnownFileType = sourcecode.swift; path = UdacityLoginSession.swift; sourceTree = "<group>"; };
/* End PBXFileReference section */

/* Begin PBXFrameworksBuildPhase section */
		32C364C91B2A6701001EBDBF /* Frameworks */ = {
			isa = PBXFrameworksBuildPhase;
			buildActionMask = 2147483647;
			files = (
			);
			runOnlyForDeploymentPostprocessing = 0;
		};
		32C364DE1B2A6701001EBDBF /* Frameworks */ = {
			isa = PBXFrameworksBuildPhase;
			buildActionMask = 2147483647;
			files = (
			);
			runOnlyForDeploymentPostprocessing = 0;
		};
/* End PBXFrameworksBuildPhase section */

/* Begin PBXGroup section */
		324FD4181B3270B9002BCF75 /* HTTP Method Helpers */ = {
			isa = PBXGroup;
			children = (
				32EE53781B2C590B0077286B /* UdacityLoginSession.swift */,
				3209C6D61B3104DD000E8218 /* StudentLocationsGetSession.swift */,
				32B3421B1B3A2FF8002C00EA /* StudentLocationPostSession.swift */,
			);
			name = "HTTP Method Helpers";
			sourceTree = "<group>";
		};
		32A52BAC1B325BFD00E4A1E3 /* Model */ = {
			isa = PBXGroup;
			children = (
				32A52BAA1B325AB900E4A1E3 /* OnTheMapConstants.swift */,
				3209C6D81B31060A000E8218 /* StudentLocation.swift */,
				324FD4191B343692002BCF75 /* OnTheMapLocations.swift */,
				32EE53761B2C4BFC0077286B /* UdacityUser.swift */,
				324FD4181B3270B9002BCF75 /* HTTP Method Helpers */,
			);
			name = Model;
			sourceTree = "<group>";
		};
		32C364C31B2A6701001EBDBF = {
			isa = PBXGroup;
			children = (
				32C364CE1B2A6701001EBDBF /* OnTheMap */,
				32C364E41B2A6701001EBDBF /* OnTheMapTests */,
				32C364CD1B2A6701001EBDBF /* Products */,
			);
			sourceTree = "<group>";
		};
		32C364CD1B2A6701001EBDBF /* Products */ = {
			isa = PBXGroup;
			children = (
				32C364CC1B2A6701001EBDBF /* OnTheMap.app */,
				32C364E11B2A6701001EBDBF /* OnTheMapTests.xctest */,
			);
			name = Products;
			sourceTree = "<group>";
		};
		32C364CE1B2A6701001EBDBF /* OnTheMap */ = {
			isa = PBXGroup;
			children = (
				32A52BAC1B325BFD00E4A1E3 /* Model */,
				32C364F11B2A7266001EBDBF /* LoginViewController.swift */,
				3209C6D21B3043ED000E8218 /* MapViewController.swift */,
				3209C6D41B30446D000E8218 /* LocationTableViewController.swift */,
				32B342191B34F971002C00EA /* PostInformationViewController.swift */,
				32C364D11B2A6701001EBDBF /* AppDelegate.swift */,
				32C364D51B2A6701001EBDBF /* Main.storyboard */,
				32C364D81B2A6701001EBDBF /* Images.xcassets */,
				32C364DA1B2A6701001EBDBF /* LaunchScreen.xib */,
				32C364CF1B2A6701001EBDBF /* Supporting Files */,
			);
			path = OnTheMap;
			sourceTree = "<group>";
		};
		32C364CF1B2A6701001EBDBF /* Supporting Files */ = {
			isa = PBXGroup;
			children = (
				32C364D01B2A6701001EBDBF /* Info.plist */,
			);
			name = "Supporting Files";
			sourceTree = "<group>";
		};
		32C364E41B2A6701001EBDBF /* OnTheMapTests */ = {
			isa = PBXGroup;
			children = (
				32C364E71B2A6701001EBDBF /* OnTheMapTests.swift */,
				32C364E51B2A6701001EBDBF /* Supporting Files */,
			);
			path = OnTheMapTests;
			sourceTree = "<group>";
		};
		32C364E51B2A6701001EBDBF /* Supporting Files */ = {
			isa = PBXGroup;
			children = (
				32C364E61B2A6701001EBDBF /* Info.plist */,
			);
			name = "Supporting Files";
			sourceTree = "<group>";
		};
/* End PBXGroup section */

/* Begin PBXNativeTarget section */
		32C364CB1B2A6701001EBDBF /* OnTheMap */ = {
			isa = PBXNativeTarget;
			buildConfigurationList = 32C364EB1B2A6701001EBDBF /* Build configuration list for PBXNativeTarget "OnTheMap" */;
			buildPhases = (
				32C364C81B2A6701001EBDBF /* Sources */,
				32C364C91B2A6701001EBDBF /* Frameworks */,
				32C364CA1B2A6701001EBDBF /* Resources */,
			);
			buildRules = (
			);
			dependencies = (
			);
			name = OnTheMap;
			productName = OnTheMap;
			productReference = 32C364CC1B2A6701001EBDBF /* OnTheMap.app */;
			productType = "com.apple.product-type.application";
		};
		32C364E01B2A6701001EBDBF /* OnTheMapTests */ = {
			isa = PBXNativeTarget;
			buildConfigurationList = 32C364EE1B2A6701001EBDBF /* Build configuration list for PBXNativeTarget "OnTheMapTests" */;
			buildPhases = (
				32C364DD1B2A6701001EBDBF /* Sources */,
				32C364DE1B2A6701001EBDBF /* Frameworks */,
				32C364DF1B2A6701001EBDBF /* Resources */,
			);
			buildRules = (
			);
			dependencies = (
				32C364E31B2A6701001EBDBF /* PBXTargetDependency */,
			);
			name = OnTheMapTests;
			productName = OnTheMapTests;
			productReference = 32C364E11B2A6701001EBDBF /* OnTheMapTests.xctest */;
			productType = "com.apple.product-type.bundle.unit-test";
		};
/* End PBXNativeTarget section */

/* Begin PBXProject section */
		32C364C41B2A6701001EBDBF /* Project object */ = {
			isa = PBXProject;
			attributes = {
				LastUpgradeCheck = 0630;
				ORGANIZATIONNAME = "Crest Technologies";
				TargetAttributes = {
					32C364CB1B2A6701001EBDBF = {
						CreatedOnToolsVersion = 6.3.2;
					};
					32C364E01B2A6701001EBDBF = {
						CreatedOnToolsVersion = 6.3.2;
						TestTargetID = 32C364CB1B2A6701001EBDBF;
					};
				};
			};
			buildConfigurationList = 32C364C71B2A6701001EBDBF /* Build configuration list for PBXProject "OnTheMap" */;
			compatibilityVersion = "Xcode 3.2";
			developmentRegion = English;
			hasScannedForEncodings = 0;
			knownRegions = (
				en,
				Base,
			);
			mainGroup = 32C364C31B2A6701001EBDBF;
			productRefGroup = 32C364CD1B2A6701001EBDBF /* Products */;
			projectDirPath = "";
			projectRoot = "";
			targets = (
				32C364CB1B2A6701001EBDBF /* OnTheMap */,
				32C364E01B2A6701001EBDBF /* OnTheMapTests */,
			);
		};
/* End PBXProject section */

/* Begin PBXResourcesBuildPhase section */
		32C364CA1B2A6701001EBDBF /* Resources */ = {
			isa = PBXResourcesBuildPhase;
			buildActionMask = 2147483647;
			files = (
				32C364D71B2A6701001EBDBF /* Main.storyboard in Resources */,
				32C364DC1B2A6701001EBDBF /* LaunchScreen.xib in Resources */,
				32C364D91B2A6701001EBDBF /* Images.xcassets in Resources */,
			);
			runOnlyForDeploymentPostprocessing = 0;
		};
		32C364DF1B2A6701001EBDBF /* Resources */ = {
			isa = PBXResourcesBuildPhase;
			buildActionMask = 2147483647;
			files = (
			);
			runOnlyForDeploymentPostprocessing = 0;
		};
/* End PBXResourcesBuildPhase section */

/* Begin PBXSourcesBuildPhase section */
		32C364C81B2A6701001EBDBF /* Sources */ = {
			isa = PBXSourcesBuildPhase;
			buildActionMask = 2147483647;
			files = (
				3209C6D91B31060A000E8218 /* StudentLocation.swift in Sources */,
				32EE53791B2C590B0077286B /* UdacityLoginSession.swift in Sources */,
				32B3421C1B3A2FF8002C00EA /* StudentLocationPostSession.swift in Sources */,
				324FD41A1B343692002BCF75 /* OnTheMapLocations.swift in Sources */,
				32B3421A1B34F971002C00EA /* PostInformationViewController.swift in Sources */,
				32C364F21B2A7266001EBDBF /* LoginViewController.swift in Sources */,
				3209C6D51B30446D000E8218 /* LocationTableViewController.swift in Sources */,
				32A52BAB1B325AB900E4A1E3 /* OnTheMapConstants.swift in Sources */,
				32EE53771B2C4BFC0077286B /* UdacityUser.swift in Sources */,
				3209C6D31B3043ED000E8218 /* MapViewController.swift in Sources */,
				32C364D21B2A6701001EBDBF /* AppDelegate.swift in Sources */,
				3209C6D71B3104DD000E8218 /* StudentLocationsGetSession.swift in Sources */,
			);
			runOnlyForDeploymentPostprocessing = 0;
		};
		32C364DD1B2A6701001EBDBF /* Sources */ = {
			isa = PBXSourcesBuildPhase;
			buildActionMask = 2147483647;
			files = (
				32C364E81B2A6701001EBDBF /* OnTheMapTests.swift in Sources */,
			);
			runOnlyForDeploymentPostprocessing = 0;
		};
/* End PBXSourcesBuildPhase section */

/* Begin PBXTargetDependency section */
		32C364E31B2A6701001EBDBF /* PBXTargetDependency */ = {
			isa = PBXTargetDependency;
			target = 32C364CB1B2A6701001EBDBF /* OnTheMap */;
			targetProxy = 32C364E21B2A6701001EBDBF /* PBXContainerItemProxy */;
		};
/* End PBXTargetDependency section */

/* Begin PBXVariantGroup section */
		32C364D51B2A6701001EBDBF /* Main.storyboard */ = {
			isa = PBXVariantGroup;
			children = (
				32C364D61B2A6701001EBDBF /* Base */,
			);
			name = Main.storyboard;
			sourceTree = "<group>";
		};
		32C364DA1B2A6701001EBDBF /* LaunchScreen.xib */ = {
			isa = PBXVariantGroup;
			children = (
				32C364DB1B2A6701001EBDBF /* Base */,
			);
			name = LaunchScreen.xib;
			sourceTree = "<group>";
		};
/* End PBXVariantGroup section */

/* Begin XCBuildConfiguration section */
		32C364E91B2A6701001EBDBF /* Debug */ = {
			isa = XCBuildConfiguration;
			buildSettings = {
				ALWAYS_SEARCH_USER_PATHS = NO;
				CLANG_CXX_LANGUAGE_STANDARD = "gnu++0x";
				CLANG_CXX_LIBRARY = "libc++";
				CLANG_ENABLE_MODULES = YES;
				CLANG_ENABLE_OBJC_ARC = YES;
				CLANG_WARN_BOOL_CONVERSION = YES;
				CLANG_WARN_CONSTANT_CONVERSION = YES;
				CLANG_WARN_DIRECT_OBJC_ISA_USAGE = YES_ERROR;
				CLANG_WARN_EMPTY_BODY = YES;
				CLANG_WARN_ENUM_CONVERSION = YES;
				CLANG_WARN_INT_CONVERSION = YES;
				CLANG_WARN_OBJC_ROOT_CLASS = YES_ERROR;
				CLANG_WARN_UNREACHABLE_CODE = YES;
				CLANG_WARN__DUPLICATE_METHOD_MATCH = YES;
				"CODE_SIGN_IDENTITY[sdk=iphoneos*]" = "iPhone Developer";
				COPY_PHASE_STRIP = NO;
				DEBUG_INFORMATION_FORMAT = "dwarf-with-dsym";
				ENABLE_STRICT_OBJC_MSGSEND = YES;
				GCC_C_LANGUAGE_STANDARD = gnu99;
				GCC_DYNAMIC_NO_PIC = NO;
				GCC_NO_COMMON_BLOCKS = YES;
				GCC_OPTIMIZATION_LEVEL = 0;
				GCC_PREPROCESSOR_DEFINITIONS = (
					"DEBUG=1",
					"$(inherited)",
				);
				GCC_SYMBOLS_PRIVATE_EXTERN = NO;
				GCC_WARN_64_TO_32_BIT_CONVERSION = YES;
				GCC_WARN_ABOUT_RETURN_TYPE = YES_ERROR;
				GCC_WARN_UNDECLARED_SELECTOR = YES;
				GCC_WARN_UNINITIALIZED_AUTOS = YES_AGGRESSIVE;
				GCC_WARN_UNUSED_FUNCTION = YES;
				GCC_WARN_UNUSED_VARIABLE = YES;
				IPHONEOS_DEPLOYMENT_TARGET = 8.3;
				MTL_ENABLE_DEBUG_INFO = YES;
				ONLY_ACTIVE_ARCH = YES;
				SDKROOT = iphoneos;
				SWIFT_OPTIMIZATION_LEVEL = "-Onone";
			};
			name = Debug;
		};
		32C364EA1B2A6701001EBDBF /* Release */ = {
			isa = XCBuildConfiguration;
			buildSettings = {
				ALWAYS_SEARCH_USER_PATHS = NO;
				CLANG_CXX_LANGUAGE_STANDARD = "gnu++0x";
				CLANG_CXX_LIBRARY = "libc++";
				CLANG_ENABLE_MODULES = YES;
				CLANG_ENABLE_OBJC_ARC = YES;
				CLANG_WARN_BOOL_CONVERSION = YES;
				CLANG_WARN_CONSTANT_CONVERSION = YES;
				CLANG_WARN_DIRECT_OBJC_ISA_USAGE = YES_ERROR;
				CLANG_WARN_EMPTY_BODY = YES;
				CLANG_WARN_ENUM_CONVERSION = YES;
				CLANG_WARN_INT_CONVERSION = YES;
				CLANG_WARN_OBJC_ROOT_CLASS = YES_ERROR;
				CLANG_WARN_UNREACHABLE_CODE = YES;
				CLANG_WARN__DUPLICATE_METHOD_MATCH = YES;
				"CODE_SIGN_IDENTITY[sdk=iphoneos*]" = "iPhone Developer";
				COPY_PHASE_STRIP = NO;
				DEBUG_INFORMATION_FORMAT = "dwarf-with-dsym";
				ENABLE_NS_ASSERTIONS = NO;
				ENABLE_STRICT_OBJC_MSGSEND = YES;
				GCC_C_LANGUAGE_STANDARD = gnu99;
				GCC_NO_COMMON_BLOCKS = YES;
				GCC_WARN_64_TO_32_BIT_CONVERSION = YES;
				GCC_WARN_ABOUT_RETURN_TYPE = YES_ERROR;
				GCC_WARN_UNDECLARED_SELECTOR = YES;
				GCC_WARN_UNINITIALIZED_AUTOS = YES_AGGRESSIVE;
				GCC_WARN_UNUSED_FUNCTION = YES;
				GCC_WARN_UNUSED_VARIABLE = YES;
				IPHONEOS_DEPLOYMENT_TARGET = 8.3;
				MTL_ENABLE_DEBUG_INFO = NO;
				SDKROOT = iphoneos;
				VALIDATE_PRODUCT = YES;
			};
			name = Release;
		};
		32C364EC1B2A6701001EBDBF /* Debug */ = {
			isa = XCBuildConfiguration;
			buildSettings = {
				ASSETCATALOG_COMPILER_APPICON_NAME = AppIcon;
				INFOPLIST_FILE = OnTheMap/Info.plist;
				LD_RUNPATH_SEARCH_PATHS = "$(inherited) @executable_path/Frameworks";
				PRODUCT_NAME = "$(TARGET_NAME)";
			};
			name = Debug;
		};
		32C364ED1B2A6701001EBDBF /* Release */ = {
			isa = XCBuildConfiguration;
			buildSettings = {
				ASSETCATALOG_COMPILER_APPICON_NAME = AppIcon;
				INFOPLIST_FILE = OnTheMap/Info.plist;
				LD_RUNPATH_SEARCH_PATHS = "$(inherited) @executable_path/Frameworks";
				PRODUCT_NAME = "$(TARGET_NAME)";
			};
			name = Release;
		};
		32C364EF1B2A6701001EBDBF /* Debug */ = {
			isa = XCBuildConfiguration;
			buildSettings = {
				BUNDLE_LOADER = "$(TEST_HOST)";
				FRAMEWORK_SEARCH_PATHS = (
					"$(SDKROOT)/Developer/Library/Frameworks",
					"$(inherited)",
				);
				GCC_PREPROCESSOR_DEFINITIONS = (
					"DEBUG=1",
					"$(inherited)",
				);
				INFOPLIST_FILE = OnTheMapTests/Info.plist;
				LD_RUNPATH_SEARCH_PATHS = "$(inherited) @executable_path/Frameworks @loader_path/Frameworks";
				PRODUCT_NAME = "$(TARGET_NAME)";
				TEST_HOST = "$(BUILT_PRODUCTS_DIR)/OnTheMap.app/OnTheMap";
			};
			name = Debug;
		};
		32C364F01B2A6701001EBDBF /* Release */ = {
			isa = XCBuildConfiguration;
			buildSettings = {
				BUNDLE_LOADER = "$(TEST_HOST)";
				FRAMEWORK_SEARCH_PATHS = (
					"$(SDKROOT)/Developer/Library/Frameworks",
					"$(inherited)",
				);
				INFOPLIST_FILE = OnTheMapTests/Info.plist;
				LD_RUNPATH_SEARCH_PATHS = "$(inherited) @executable_path/Frameworks @loader_path/Frameworks";
				PRODUCT_NAME = "$(TARGET_NAME)";
				TEST_HOST = "$(BUILT_PRODUCTS_DIR)/OnTheMap.app/OnTheMap";
			};
			name = Release;
		};
/* End XCBuildConfiguration section */

/* Begin XCConfigurationList section */
		32C364C71B2A6701001EBDBF /* Build configuration list for PBXProject "OnTheMap" */ = {
			isa = XCConfigurationList;
			buildConfigurations = (
				32C364E91B2A6701001EBDBF /* Debug */,
				32C364EA1B2A6701001EBDBF /* Release */,
			);
			defaultConfigurationIsVisible = 0;
			defaultConfigurationName = Release;
		};
		32C364EB1B2A6701001EBDBF /* Build configuration list for PBXNativeTarget "OnTheMap" */ = {
			isa = XCConfigurationList;
			buildConfigurations = (
				32C364EC1B2A6701001EBDBF /* Debug */,
				32C364ED1B2A6701001EBDBF /* Release */,
			);
			defaultConfigurationIsVisible = 0;
			defaultConfigurationName = Release;
		};
		32C364EE1B2A6701001EBDBF /* Build configuration list for PBXNativeTarget "OnTheMapTests" */ = {
			isa = XCConfigurationList;
			buildConfigurations = (
				32C364EF1B2A6701001EBDBF /* Debug */,
				32C364F01B2A6701001EBDBF /* Release */,
			);
			defaultConfigurationIsVisible = 0;
			defaultConfigurationName = Release;
		};
/* End XCConfigurationList section */
	};
	rootObject = 32C364C41B2A6701001EBDBF /* Project object */;
}
